
Microsoft Visual Studio Solution File, Format Version 12.00
# Visual Studio 15
VisualStudioVersion = 15.0.28307.645
MinimumVisualStudioVersion = 10.0.40219.1
Project("{FAE04EC0-301F-11D3-BF4B-00C04F79EFBC}") = "TheIsleOfManTTRace", "FundExamPrep24July2019\TheIsleOfManTTRace.csproj", "{687D6818-34B9-4A2D-8A3E-B00114587717}"
EndProject
Project("{FAE04EC0-301F-11D3-BF4B-00C04F79EFBC}") = "Concert", "Concert\Concert.csproj", "{4F806F56-1C35-4BFF-A089-EB2EC07D8E02}"
EndProject
Project("{FAE04EC0-301F-11D3-BF4B-00C04F79EFBC}") = "SongEncryption", "SongEncryption\SongEncryption.csproj", "{F14DA312-68A4-4757-9D39-DAB3023BC502}"
EndProject
Global
	GlobalSection(SolutionConfigurationPlatforms) = preSolution
		Debug|Any CPU = Debug|Any CPU
		Release|Any CPU = Release|Any CPU
	EndGlobalSection
	GlobalSection(ProjectConfigurationPlatforms) = postSolution
		{687D6818-34B9-4A2D-8A3E-B00114587717}.Debug|Any CPU.ActiveCfg = Debug|Any CPU
		{687D6818-34B9-4A2D-8A3E-B00114587717}.Debug|Any CPU.Build.0 = Debug|Any CPU
		{687D6818-34B9-4A2D-8A3E-B00114587717}.Release|Any CPU.ActiveCfg = Release|Any CPU
		{687D6818-34B9-4A2D-8A3E-B00114587717}.Release|Any CPU.Build.0 = Release|Any CPU
		{4F806F56-1C35-4BFF-A089-EB2EC07D8E02}.Debug|Any CPU.ActiveCfg = Debug|Any CPU
		{4F806F56-1C35-4BFF-A089-EB2EC07D8E02}.Debug|Any CPU.Build.0 = Debug|Any CPU
		{4F806F56-1C35-4BFF-A089-EB2EC07D8E02}.Release|Any CPU.ActiveCfg = Release|Any CPU
		{4F806F56-1C35-4BFF-A089-EB2EC07D8E02}.Release|Any CPU.Build.0 = Release|Any CPU
		{F14DA312-68A4-4757-9D39-DAB3023BC502}.Debug|Any CPU.ActiveCfg = Debug|Any CPU
		{F14DA312-68A4-4757-9D39-DAB3023BC502}.Debug|Any CPU.Build.0 = Debug|Any CPU
		{F14DA312-68A4-4757-9D39-DAB3023BC502}.Release|Any CPU.ActiveCfg = Release|Any CPU
		{F14DA312-68A4-4757-9D39-DAB3023BC502}.Release|Any CPU.Build.0 = Release|Any CPU
	EndGlobalSection
	GlobalSection(SolutionProperties) = preSolution
		HideSolutionNode = FALSE
	EndGlobalSection
	GlobalSection(ExtensibilityGlobals) = postSolution
		SolutionGuid = {A5800850-A3CC-49B5-82E2-DADD4D8A5A6B}
	EndGlobalSection
EndGlobal
